
Microsoft Visual Studio Solution File, Format Version 12.00
# Visual Studio Version 17
VisualStudioVersion = 17.2.32630.192
MinimumVisualStudioVersion = 10.0.40219.1
Project("{9A19103F-16F7-4668-BE54-9A1E7A4F7556}") = "R5T.Z0037.Construction", "R5T.Z0037.Construction\R5T.Z0037.Construction.csproj", "{D3461773-78C9-41F1-8F4E-37A7F917D32A}"
EndProject
Project("{9A19103F-16F7-4668-BE54-9A1E7A4F7556}") = "R5T.Z0037", "R5T.Z0037\R5T.Z0037.csproj", "{2CCA7830-FC9D-4651-A3A4-AEDEEBA3A1C9}"
EndProject
Project("{2150E333-8FDC-42A3-9474-1A3956D46DE8}") = "_Dependencies", "_Dependencies", "{F9BD0760-03D8-45E9-A0BF-6F40A700879E}"
EndProject
Project("{9A19103F-16F7-4668-BE54-9A1E7A4F7556}") = "R5T.T0132", "..\..\R5T.T0132\source\R5T.T0132\R5T.T0132.csproj", "{F2D1FBD9-6963-4F16-9D48-1691279A1CCB}"
EndProject
Project("{9A19103F-16F7-4668-BE54-9A1E7A4F7556}") = "R5T.T0143", "..\..\R5T.T0143\source\R5T.T0143\R5T.T0143.csproj", "{34B1C27D-6E98-41AD-9A12-8E02AE8E1A4C}"
EndProject
Project("{9A19103F-16F7-4668-BE54-9A1E7A4F7556}") = "R5T.T0150", "..\..\R5T.T0150\source\R5T.T0150\R5T.T0150.csproj", "{5B08FFAB-322C-4EFD-AC65-B11BC3CD361A}"
EndProject
Project("{9A19103F-16F7-4668-BE54-9A1E7A4F7556}") = "R5T.T0151", "..\..\R5T.T0151\source\R5T.T0151\R5T.T0151.csproj", "{C8A95552-F68F-4A99-A3E3-9E67949D90EA}"
EndProject
Project("{9A19103F-16F7-4668-BE54-9A1E7A4F7556}") = "R5T.T0161", "..\..\R5T.T0161\source\R5T.T0161\R5T.T0161.csproj", "{6E9CC206-02AF-4946-81FB-0B717CE1BFE3}"
EndProject
Project("{9A19103F-16F7-4668-BE54-9A1E7A4F7556}") = "R5T.T0169", "..\..\R5T.T0169\source\R5T.T0169\R5T.T0169.csproj", "{76349125-B6D3-41B7-870E-3CE96DDFD343}"
EndProject
Project("{9A19103F-16F7-4668-BE54-9A1E7A4F7556}") = "R5T.T0131", "..\..\R5T.T0131\source\R5T.T0131\R5T.T0131.csproj", "{09D341B8-8E05-405D-9945-1D811772CC9F}"
EndProject
Global
	GlobalSection(NestedProjects) = preSolution
		{F2D1FBD9-6963-4F16-9D48-1691279A1CCB} = {F9BD0760-03D8-45E9-A0BF-6F40A700879E}
		{34B1C27D-6E98-41AD-9A12-8E02AE8E1A4C} = {F9BD0760-03D8-45E9-A0BF-6F40A700879E}
		{5B08FFAB-322C-4EFD-AC65-B11BC3CD361A} = {F9BD0760-03D8-45E9-A0BF-6F40A700879E}
		{C8A95552-F68F-4A99-A3E3-9E67949D90EA} = {F9BD0760-03D8-45E9-A0BF-6F40A700879E}
		{6E9CC206-02AF-4946-81FB-0B717CE1BFE3} = {F9BD0760-03D8-45E9-A0BF-6F40A700879E}
		{76349125-B6D3-41B7-870E-3CE96DDFD343} = {F9BD0760-03D8-45E9-A0BF-6F40A700879E}
		{09D341B8-8E05-405D-9945-1D811772CC9F} = {F9BD0760-03D8-45E9-A0BF-6F40A700879E}
	EndGlobalSection
	GlobalSection(SolutionConfigurationPlatforms) = preSolution
		Debug|Any CPU = Debug|Any CPU
		Release|Any CPU = Release|Any CPU
	EndGlobalSection
	GlobalSection(ProjectConfigurationPlatforms) = postSolution
		{D3461773-78C9-41F1-8F4E-37A7F917D32A}.Debug|Any CPU.ActiveCfg = Debug|Any CPU
		{D3461773-78C9-41F1-8F4E-37A7F917D32A}.Debug|Any CPU.Build.0 = Debug|Any CPU
		{D3461773-78C9-41F1-8F4E-37A7F917D32A}.Release|Any CPU.ActiveCfg = Release|Any CPU
		{D3461773-78C9-41F1-8F4E-37A7F917D32A}.Release|Any CPU.Build.0 = Release|Any CPU
		{2CCA7830-FC9D-4651-A3A4-AEDEEBA3A1C9}.Debug|Any CPU.ActiveCfg = Debug|Any CPU
		{2CCA7830-FC9D-4651-A3A4-AEDEEBA3A1C9}.Debug|Any CPU.Build.0 = Debug|Any CPU
		{2CCA7830-FC9D-4651-A3A4-AEDEEBA3A1C9}.Release|Any CPU.ActiveCfg = Release|Any CPU
		{2CCA7830-FC9D-4651-A3A4-AEDEEBA3A1C9}.Release|Any CPU.Build.0 = Release|Any CPU
		{F2D1FBD9-6963-4F16-9D48-1691279A1CCB}.Debug|Any CPU.ActiveCfg = Debug|Any CPU
		{F2D1FBD9-6963-4F16-9D48-1691279A1CCB}.Debug|Any CPU.Build.0 = Debug|Any CPU
		{F2D1FBD9-6963-4F16-9D48-1691279A1CCB}.Release|Any CPU.ActiveCfg = Release|Any CPU
		{F2D1FBD9-6963-4F16-9D48-1691279A1CCB}.Release|Any CPU.Build.0 = Release|Any CPU
		{34B1C27D-6E98-41AD-9A12-8E02AE8E1A4C}.Debug|Any CPU.ActiveCfg = Debug|Any CPU
		{34B1C27D-6E98-41AD-9A12-8E02AE8E1A4C}.Debug|Any CPU.Build.0 = Debug|Any CPU
		{34B1C27D-6E98-41AD-9A12-8E02AE8E1A4C}.Release|Any CPU.ActiveCfg = Release|Any CPU
		{34B1C27D-6E98-41AD-9A12-8E02AE8E1A4C}.Release|Any CPU.Build.0 = Release|Any CPU
		{5B08FFAB-322C-4EFD-AC65-B11BC3CD361A}.Debug|Any CPU.ActiveCfg = Debug|Any CPU
		{5B08FFAB-322C-4EFD-AC65-B11BC3CD361A}.Debug|Any CPU.Build.0 = Debug|Any CPU
		{5B08FFAB-322C-4EFD-AC65-B11BC3CD361A}.Release|Any CPU.ActiveCfg = Release|Any CPU
		{5B08FFAB-322C-4EFD-AC65-B11BC3CD361A}.Release|Any CPU.Build.0 = Release|Any CPU
		{C8A95552-F68F-4A99-A3E3-9E67949D90EA}.Debug|Any CPU.ActiveCfg = Debug|Any CPU
		{C8A95552-F68F-4A99-A3E3-9E67949D90EA}.Debug|Any CPU.Build.0 = Debug|Any CPU
		{C8A95552-F68F-4A99-A3E3-9E67949D90EA}.Release|Any CPU.ActiveCfg = Release|Any CPU
		{C8A95552-F68F-4A99-A3E3-9E67949D90EA}.Release|Any CPU.Build.0 = Release|Any CPU
		{6E9CC206-02AF-4946-81FB-0B717CE1BFE3}.Debug|Any CPU.ActiveCfg = Debug|Any CPU
		{6E9CC206-02AF-4946-81FB-0B717CE1BFE3}.Debug|Any CPU.Build.0 = Debug|Any CPU
		{6E9CC206-02AF-4946-81FB-0B717CE1BFE3}.Release|Any CPU.ActiveCfg = Release|Any CPU
		{6E9CC206-02AF-4946-81FB-0B717CE1BFE3}.Release|Any CPU.Build.0 = Release|Any CPU
		{76349125-B6D3-41B7-870E-3CE96DDFD343}.Debug|Any CPU.ActiveCfg = Debug|Any CPU
		{76349125-B6D3-41B7-870E-3CE96DDFD343}.Debug|Any CPU.Build.0 = Debug|Any CPU
		{76349125-B6D3-41B7-870E-3CE96DDFD343}.Release|Any CPU.ActiveCfg = Release|Any CPU
		{76349125-B6D3-41B7-870E-3CE96DDFD343}.Release|Any CPU.Build.0 = Release|Any CPU
		{09D341B8-8E05-405D-9945-1D811772CC9F}.Debug|Any CPU.ActiveCfg = Debug|Any CPU
		{09D341B8-8E05-405D-9945-1D811772CC9F}.Debug|Any CPU.Build.0 = Debug|Any CPU
		{09D341B8-8E05-405D-9945-1D811772CC9F}.Release|Any CPU.ActiveCfg = Release|Any CPU
		{09D341B8-8E05-405D-9945-1D811772CC9F}.Release|Any CPU.Build.0 = Release|Any CPU
	EndGlobalSection
	GlobalSection(SolutionProperties) = preSolution
		HideSolutionNode = FALSE
	EndGlobalSection
	GlobalSection(ExtensibilityGlobals) = postSolution
		SolutionGuid = {46508B2F-0761-4B58-8732-C5F2C56B7679}
	EndGlobalSection
EndGlobal
