
Microsoft Visual Studio Solution File, Format Version 12.00
# Visual Studio Version 17
VisualStudioVersion = 17.2.32630.192
MinimumVisualStudioVersion = 10.0.40219.1
Project("{9A19103F-16F7-4668-BE54-9A1E7A4F7556}") = "R5T.Z0037", "R5T.Z0037\R5T.Z0037.csproj", "{E546C875-EC4C-4C39-A6B3-5CC9EBCD4DC6}"
EndProject
Project("{2150E333-8FDC-42A3-9474-1A3956D46DE8}") = "_Dependencies", "_Dependencies", "{59DEDFEF-EBAD-4E10-815E-E94FCB7C101A}"
EndProject
Project("{9A19103F-16F7-4668-BE54-9A1E7A4F7556}") = "R5T.T0132", "..\..\R5T.T0132\source\R5T.T0132\R5T.T0132.csproj", "{ACCB4852-AE98-4F67-9096-93891F59A414}"
EndProject
Project("{9A19103F-16F7-4668-BE54-9A1E7A4F7556}") = "R5T.T0143", "..\..\R5T.T0143\source\R5T.T0143\R5T.T0143.csproj", "{5B52B2A7-0492-47BD-9042-7E63B3D3D486}"
EndProject
Project("{9A19103F-16F7-4668-BE54-9A1E7A4F7556}") = "R5T.T0150", "..\..\R5T.T0150\source\R5T.T0150\R5T.T0150.csproj", "{7681E3CB-586C-46C5-8EAC-6475FB81C4BF}"
EndProject
Project("{9A19103F-16F7-4668-BE54-9A1E7A4F7556}") = "R5T.T0151", "..\..\R5T.T0151\source\R5T.T0151\R5T.T0151.csproj", "{37FE233F-7384-434F-B0AF-BDBF45C3D1F2}"
EndProject
Project("{9A19103F-16F7-4668-BE54-9A1E7A4F7556}") = "R5T.T0161", "..\..\R5T.T0161\source\R5T.T0161\R5T.T0161.csproj", "{918E1BEC-501D-4000-B9EA-EC3AA9C8D976}"
EndProject
Project("{9A19103F-16F7-4668-BE54-9A1E7A4F7556}") = "R5T.T0169", "..\..\R5T.T0169\source\R5T.T0169\R5T.T0169.csproj", "{87220498-2463-41B9-8C54-6463856A5501}"
EndProject
Project("{9A19103F-16F7-4668-BE54-9A1E7A4F7556}") = "R5T.T0131", "..\..\R5T.T0131\source\R5T.T0131\R5T.T0131.csproj", "{D791E394-BCE1-42EC-8365-37CCBA5F7678}"
EndProject
Global
	GlobalSection(NestedProjects) = preSolution
		{ACCB4852-AE98-4F67-9096-93891F59A414} = {59DEDFEF-EBAD-4E10-815E-E94FCB7C101A}
		{5B52B2A7-0492-47BD-9042-7E63B3D3D486} = {59DEDFEF-EBAD-4E10-815E-E94FCB7C101A}
		{7681E3CB-586C-46C5-8EAC-6475FB81C4BF} = {59DEDFEF-EBAD-4E10-815E-E94FCB7C101A}
		{37FE233F-7384-434F-B0AF-BDBF45C3D1F2} = {59DEDFEF-EBAD-4E10-815E-E94FCB7C101A}
		{918E1BEC-501D-4000-B9EA-EC3AA9C8D976} = {59DEDFEF-EBAD-4E10-815E-E94FCB7C101A}
		{87220498-2463-41B9-8C54-6463856A5501} = {59DEDFEF-EBAD-4E10-815E-E94FCB7C101A}
		{D791E394-BCE1-42EC-8365-37CCBA5F7678} = {59DEDFEF-EBAD-4E10-815E-E94FCB7C101A}
	EndGlobalSection
	GlobalSection(SolutionConfigurationPlatforms) = preSolution
		Debug|Any CPU = Debug|Any CPU
		Release|Any CPU = Release|Any CPU
	EndGlobalSection
	GlobalSection(ProjectConfigurationPlatforms) = postSolution
		{E546C875-EC4C-4C39-A6B3-5CC9EBCD4DC6}.Debug|Any CPU.ActiveCfg = Debug|Any CPU
		{E546C875-EC4C-4C39-A6B3-5CC9EBCD4DC6}.Debug|Any CPU.Build.0 = Debug|Any CPU
		{E546C875-EC4C-4C39-A6B3-5CC9EBCD4DC6}.Release|Any CPU.ActiveCfg = Release|Any CPU
		{E546C875-EC4C-4C39-A6B3-5CC9EBCD4DC6}.Release|Any CPU.Build.0 = Release|Any CPU
		{ACCB4852-AE98-4F67-9096-93891F59A414}.Debug|Any CPU.ActiveCfg = Debug|Any CPU
		{ACCB4852-AE98-4F67-9096-93891F59A414}.Debug|Any CPU.Build.0 = Debug|Any CPU
		{ACCB4852-AE98-4F67-9096-93891F59A414}.Release|Any CPU.ActiveCfg = Release|Any CPU
		{ACCB4852-AE98-4F67-9096-93891F59A414}.Release|Any CPU.Build.0 = Release|Any CPU
		{5B52B2A7-0492-47BD-9042-7E63B3D3D486}.Debug|Any CPU.ActiveCfg = Debug|Any CPU
		{5B52B2A7-0492-47BD-9042-7E63B3D3D486}.Debug|Any CPU.Build.0 = Debug|Any CPU
		{5B52B2A7-0492-47BD-9042-7E63B3D3D486}.Release|Any CPU.ActiveCfg = Release|Any CPU
		{5B52B2A7-0492-47BD-9042-7E63B3D3D486}.Release|Any CPU.Build.0 = Release|Any CPU
		{7681E3CB-586C-46C5-8EAC-6475FB81C4BF}.Debug|Any CPU.ActiveCfg = Debug|Any CPU
		{7681E3CB-586C-46C5-8EAC-6475FB81C4BF}.Debug|Any CPU.Build.0 = Debug|Any CPU
		{7681E3CB-586C-46C5-8EAC-6475FB81C4BF}.Release|Any CPU.ActiveCfg = Release|Any CPU
		{7681E3CB-586C-46C5-8EAC-6475FB81C4BF}.Release|Any CPU.Build.0 = Release|Any CPU
		{37FE233F-7384-434F-B0AF-BDBF45C3D1F2}.Debug|Any CPU.ActiveCfg = Debug|Any CPU
		{37FE233F-7384-434F-B0AF-BDBF45C3D1F2}.Debug|Any CPU.Build.0 = Debug|Any CPU
		{37FE233F-7384-434F-B0AF-BDBF45C3D1F2}.Release|Any CPU.ActiveCfg = Release|Any CPU
		{37FE233F-7384-434F-B0AF-BDBF45C3D1F2}.Release|Any CPU.Build.0 = Release|Any CPU
		{918E1BEC-501D-4000-B9EA-EC3AA9C8D976}.Debug|Any CPU.ActiveCfg = Debug|Any CPU
		{918E1BEC-501D-4000-B9EA-EC3AA9C8D976}.Debug|Any CPU.Build.0 = Debug|Any CPU
		{918E1BEC-501D-4000-B9EA-EC3AA9C8D976}.Release|Any CPU.ActiveCfg = Release|Any CPU
		{918E1BEC-501D-4000-B9EA-EC3AA9C8D976}.Release|Any CPU.Build.0 = Release|Any CPU
		{87220498-2463-41B9-8C54-6463856A5501}.Debug|Any CPU.ActiveCfg = Debug|Any CPU
		{87220498-2463-41B9-8C54-6463856A5501}.Debug|Any CPU.Build.0 = Debug|Any CPU
		{87220498-2463-41B9-8C54-6463856A5501}.Release|Any CPU.ActiveCfg = Release|Any CPU
		{87220498-2463-41B9-8C54-6463856A5501}.Release|Any CPU.Build.0 = Release|Any CPU
		{D791E394-BCE1-42EC-8365-37CCBA5F7678}.Debug|Any CPU.ActiveCfg = Debug|Any CPU
		{D791E394-BCE1-42EC-8365-37CCBA5F7678}.Debug|Any CPU.Build.0 = Debug|Any CPU
		{D791E394-BCE1-42EC-8365-37CCBA5F7678}.Release|Any CPU.ActiveCfg = Release|Any CPU
		{D791E394-BCE1-42EC-8365-37CCBA5F7678}.Release|Any CPU.Build.0 = Release|Any CPU
	EndGlobalSection
	GlobalSection(SolutionProperties) = preSolution
		HideSolutionNode = FALSE
	EndGlobalSection
	GlobalSection(ExtensibilityGlobals) = postSolution
		SolutionGuid = {45D5B052-C5EF-406B-9C14-81CE6909B640}
	EndGlobalSection
EndGlobal
