
Microsoft Visual Studio Solution File, Format Version 12.00
# Visual Studio Version 17
VisualStudioVersion = 17.2.32630.192
MinimumVisualStudioVersion = 10.0.40219.1
Project("{9A19103F-16F7-4668-BE54-9A1E7A4F7556}") = "R5T.Z0037.Construction", "R5T.Z0037.Construction\R5T.Z0037.Construction.csproj", "{D3461773-78C9-41F1-8F4E-37A7F917D32A}"
EndProject
Project("{9A19103F-16F7-4668-BE54-9A1E7A4F7556}") = "R5T.Z0037", "R5T.Z0037\R5T.Z0037.csproj", "{2CCA7830-FC9D-4651-A3A4-AEDEEBA3A1C9}"
EndProject
Global
	GlobalSection(SolutionConfigurationPlatforms) = preSolution
		Debug|Any CPU = Debug|Any CPU
		Release|Any CPU = Release|Any CPU
	EndGlobalSection
	GlobalSection(ProjectConfigurationPlatforms) = postSolution
		{D3461773-78C9-41F1-8F4E-37A7F917D32A}.Debug|Any CPU.ActiveCfg = Debug|Any CPU
		{D3461773-78C9-41F1-8F4E-37A7F917D32A}.Debug|Any CPU.Build.0 = Debug|Any CPU
		{D3461773-78C9-41F1-8F4E-37A7F917D32A}.Release|Any CPU.ActiveCfg = Release|Any CPU
		{D3461773-78C9-41F1-8F4E-37A7F917D32A}.Release|Any CPU.Build.0 = Release|Any CPU
		{2CCA7830-FC9D-4651-A3A4-AEDEEBA3A1C9}.Debug|Any CPU.ActiveCfg = Debug|Any CPU
		{2CCA7830-FC9D-4651-A3A4-AEDEEBA3A1C9}.Debug|Any CPU.Build.0 = Debug|Any CPU
		{2CCA7830-FC9D-4651-A3A4-AEDEEBA3A1C9}.Release|Any CPU.ActiveCfg = Release|Any CPU
		{2CCA7830-FC9D-4651-A3A4-AEDEEBA3A1C9}.Release|Any CPU.Build.0 = Release|Any CPU
	EndGlobalSection
	GlobalSection(SolutionProperties) = preSolution
		HideSolutionNode = FALSE
	EndGlobalSection
	GlobalSection(ExtensibilityGlobals) = postSolution
		SolutionGuid = {46508B2F-0761-4B58-8732-C5F2C56B7679}
	EndGlobalSection
EndGlobal
